// !$*UTF8*$!
{
	archiveVersion = 1;
	classes = {
	};
	objectVersion = 46;
	objects = {

/* Begin PBXBuildFile section */
		AF11C4DF1A3044A5000FF44B /* SHXMLParser.m in Sources */ = {isa = PBXBuildFile; fileRef = AF11C4DE1A3044A5000FF44B /* SHXMLParser.m */; };
		AF11C4EA1A34A5A3000FF44B /* DMSVGParser.m in Sources */ = {isa = PBXBuildFile; fileRef = AF11C4E91A34A5A3000FF44B /* DMSVGParser.m */; };
		AF11C4ED1A34A998000FF44B /* UIColor+Hex.m in Sources */ = {isa = PBXBuildFile; fileRef = AF11C4EC1A34A998000FF44B /* UIColor+Hex.m */; };
		AF5FFF6A1A245E6F00E2A08F /* MKAnnotationView+WebCache.m in Sources */ = {isa = PBXBuildFile; fileRef = AF5FFF4A1A245E6F00E2A08F /* MKAnnotationView+WebCache.m */; };
		AF5FFF6B1A245E6F00E2A08F /* NSData+ImageContentType.m in Sources */ = {isa = PBXBuildFile; fileRef = AF5FFF4C1A245E6F00E2A08F /* NSData+ImageContentType.m */; };
		AF5FFF6C1A245E6F00E2A08F /* SDImageCache.m in Sources */ = {isa = PBXBuildFile; fileRef = AF5FFF4E1A245E6F00E2A08F /* SDImageCache.m */; };
		AF5FFF6D1A245E6F00E2A08F /* SDWebImageCompat.m in Sources */ = {isa = PBXBuildFile; fileRef = AF5FFF501A245E6F00E2A08F /* SDWebImageCompat.m */; };
		AF5FFF6E1A245E6F00E2A08F /* SDWebImageDecoder.m in Sources */ = {isa = PBXBuildFile; fileRef = AF5FFF521A245E6F00E2A08F /* SDWebImageDecoder.m */; };
		AF5FFF6F1A245E6F00E2A08F /* SDWebImageDownloader.m in Sources */ = {isa = PBXBuildFile; fileRef = AF5FFF541A245E6F00E2A08F /* SDWebImageDownloader.m */; };
		AF5FFF701A245E6F00E2A08F /* SDWebImageDownloaderOperation.m in Sources */ = {isa = PBXBuildFile; fileRef = AF5FFF561A245E6F00E2A08F /* SDWebImageDownloaderOperation.m */; };
		AF5FFF711A245E6F00E2A08F /* SDWebImageManager.m in Sources */ = {isa = PBXBuildFile; fileRef = AF5FFF581A245E6F00E2A08F /* SDWebImageManager.m */; };
		AF5FFF721A245E6F00E2A08F /* SDWebImagePrefetcher.m in Sources */ = {isa = PBXBuildFile; fileRef = AF5FFF5B1A245E6F00E2A08F /* SDWebImagePrefetcher.m */; };
		AF5FFF731A245E6F00E2A08F /* UIButton+WebCache.m in Sources */ = {isa = PBXBuildFile; fileRef = AF5FFF5D1A245E6F00E2A08F /* UIButton+WebCache.m */; };
		AF5FFF741A245E6F00E2A08F /* UIImage+GIF.m in Sources */ = {isa = PBXBuildFile; fileRef = AF5FFF5F1A245E6F00E2A08F /* UIImage+GIF.m */; };
		AF5FFF751A245E6F00E2A08F /* UIImage+MultiFormat.m in Sources */ = {isa = PBXBuildFile; fileRef = AF5FFF611A245E6F00E2A08F /* UIImage+MultiFormat.m */; };
		AF5FFF761A245E6F00E2A08F /* UIImage+WebP.m in Sources */ = {isa = PBXBuildFile; fileRef = AF5FFF631A245E6F00E2A08F /* UIImage+WebP.m */; };
		AF5FFF771A245E6F00E2A08F /* UIImageView+HighlightedWebCache.m in Sources */ = {isa = PBXBuildFile; fileRef = AF5FFF651A245E6F00E2A08F /* UIImageView+HighlightedWebCache.m */; };
		AF5FFF781A245E6F00E2A08F /* UIImageView+WebCache.m in Sources */ = {isa = PBXBuildFile; fileRef = AF5FFF671A245E6F00E2A08F /* UIImageView+WebCache.m */; };
		AF5FFF791A245E6F00E2A08F /* UIView+WebCacheOperation.m in Sources */ = {isa = PBXBuildFile; fileRef = AF5FFF691A245E6F00E2A08F /* UIView+WebCacheOperation.m */; };
		AF5FFF7B1A24617A00E2A08F /* loading.gif in Resources */ = {isa = PBXBuildFile; fileRef = AF5FFF7A1A24617A00E2A08F /* loading.gif */; };
		AF7180C41A24672F00C7FFA1 /* YLGIFImage.m in Sources */ = {isa = PBXBuildFile; fileRef = AF7180C01A24672F00C7FFA1 /* YLGIFImage.m */; };
		AF7180C51A24672F00C7FFA1 /* YLImageView.m in Sources */ = {isa = PBXBuildFile; fileRef = AF7180C31A24672F00C7FFA1 /* YLImageView.m */; };
		AF7180C71A24686600C7FFA1 /* ImageIO.framework in Frameworks */ = {isa = PBXBuildFile; fileRef = AF7180C61A24686600C7FFA1 /* ImageIO.framework */; };
		AF7180CA1A25A09B00C7FFA1 /* RootNavigationViewController.m in Sources */ = {isa = PBXBuildFile; fileRef = AF7180C91A25A09B00C7FFA1 /* RootNavigationViewController.m */; };
		AF7180CD1A25A0CE00C7FFA1 /* RootTabBarViewController.m in Sources */ = {isa = PBXBuildFile; fileRef = AF7180CC1A25A0CE00C7FFA1 /* RootTabBarViewController.m */; };
		AF7180DD1A25A22700C7FFA1 /* libGoogleAdMobAds.a in Frameworks */ = {isa = PBXBuildFile; fileRef = AF7180DC1A25A22700C7FFA1 /* libGoogleAdMobAds.a */; };
		AF7180DF1A25A24300C7FFA1 /* AdSupport.framework in Frameworks */ = {isa = PBXBuildFile; fileRef = AF7180DE1A25A24300C7FFA1 /* AdSupport.framework */; };
		AF7180E11A25A24A00C7FFA1 /* AudioToolbox.framework in Frameworks */ = {isa = PBXBuildFile; fileRef = AF7180E01A25A24A00C7FFA1 /* AudioToolbox.framework */; };
		AF7180E31A25A25100C7FFA1 /* AVFoundation.framework in Frameworks */ = {isa = PBXBuildFile; fileRef = AF7180E21A25A25100C7FFA1 /* AVFoundation.framework */; };
		AF7180E51A25A25C00C7FFA1 /* MessageUI.framework in Frameworks */ = {isa = PBXBuildFile; fileRef = AF7180E41A25A25C00C7FFA1 /* MessageUI.framework */; };
		AF7180E71A25A26700C7FFA1 /* StoreKit.framework in Frameworks */ = {isa = PBXBuildFile; fileRef = AF7180E61A25A26700C7FFA1 /* StoreKit.framework */; };
		AF7180E91A25A27200C7FFA1 /* SystemConfiguration.framework in Frameworks */ = {isa = PBXBuildFile; fileRef = AF7180E81A25A27200C7FFA1 /* SystemConfiguration.framework */; };
		AF7180EB1A25A27D00C7FFA1 /* CoreTelephony.framework in Frameworks */ = {isa = PBXBuildFile; fileRef = AF7180EA1A25A27D00C7FFA1 /* CoreTelephony.framework */; };
		AF9770B71A1F77CE008D13AA /* main.m in Sources */ = {isa = PBXBuildFile; fileRef = AF9770B61A1F77CE008D13AA /* main.m */; };
		AF9770BA1A1F77CE008D13AA /* AppDelegate.m in Sources */ = {isa = PBXBuildFile; fileRef = AF9770B91A1F77CE008D13AA /* AppDelegate.m */; };
		AF9770BD1A1F77CE008D13AA /* ViewController.m in Sources */ = {isa = PBXBuildFile; fileRef = AF9770BC1A1F77CE008D13AA /* ViewController.m */; };
		AF9770C01A1F77CE008D13AA /* Main.storyboard in Resources */ = {isa = PBXBuildFile; fileRef = AF9770BE1A1F77CE008D13AA /* Main.storyboard */; };
		AF9770C21A1F77CE008D13AA /* Images.xcassets in Resources */ = {isa = PBXBuildFile; fileRef = AF9770C11A1F77CE008D13AA /* Images.xcassets */; };
		AF9770C51A1F77CE008D13AA /* LaunchScreen.xib in Resources */ = {isa = PBXBuildFile; fileRef = AF9770C31A1F77CE008D13AA /* LaunchScreen.xib */; };
		AF9770D11A1F77CE008D13AA /* GithubAPI_SamplerTests.m in Sources */ = {isa = PBXBuildFile; fileRef = AF9770D01A1F77CE008D13AA /* GithubAPI_SamplerTests.m */; };
		AF9771151A1F7AF4008D13AA /* OAuthConstManager.m in Sources */ = {isa = PBXBuildFile; fileRef = AF9771141A1F7AF4008D13AA /* OAuthConstManager.m */; };
		AF9771171A1FBA19008D13AA /* Default-568h@2x.png in Resources */ = {isa = PBXBuildFile; fileRef = AF9771161A1FBA19008D13AA /* Default-568h@2x.png */; };
		AF9771D51A1FCC4D008D13AA /* AFHTTPRequestOperation.m in Sources */ = {isa = PBXBuildFile; fileRef = AF9771C31A1FCC4D008D13AA /* AFHTTPRequestOperation.m */; };
		AF9771D61A1FCC4D008D13AA /* AFHTTPRequestOperationManager.m in Sources */ = {isa = PBXBuildFile; fileRef = AF9771C51A1FCC4D008D13AA /* AFHTTPRequestOperationManager.m */; };
		AF9771D71A1FCC4D008D13AA /* AFHTTPSessionManager.m in Sources */ = {isa = PBXBuildFile; fileRef = AF9771C71A1FCC4D008D13AA /* AFHTTPSessionManager.m */; };
		AF9771D81A1FCC4D008D13AA /* AFNetworkReachabilityManager.m in Sources */ = {isa = PBXBuildFile; fileRef = AF9771CA1A1FCC4D008D13AA /* AFNetworkReachabilityManager.m */; };
		AF9771D91A1FCC4D008D13AA /* AFSecurityPolicy.m in Sources */ = {isa = PBXBuildFile; fileRef = AF9771CC1A1FCC4D008D13AA /* AFSecurityPolicy.m */; };
		AF9771DA1A1FCC4D008D13AA /* AFURLConnectionOperation.m in Sources */ = {isa = PBXBuildFile; fileRef = AF9771CE1A1FCC4D008D13AA /* AFURLConnectionOperation.m */; };
		AF9771DB1A1FCC4D008D13AA /* AFURLRequestSerialization.m in Sources */ = {isa = PBXBuildFile; fileRef = AF9771D01A1FCC4D008D13AA /* AFURLRequestSerialization.m */; };
		AF9771DC1A1FCC4D008D13AA /* AFURLResponseSerialization.m in Sources */ = {isa = PBXBuildFile; fileRef = AF9771D21A1FCC4D008D13AA /* AFURLResponseSerialization.m */; };
		AF9771DD1A1FCC4D008D13AA /* AFURLSessionManager.m in Sources */ = {isa = PBXBuildFile; fileRef = AF9771D41A1FCC4D008D13AA /* AFURLSessionManager.m */; };
		AF9773521A1FE31E008D13AA /* QuartzCore.framework in Frameworks */ = {isa = PBXBuildFile; fileRef = AF9773511A1FE31E008D13AA /* QuartzCore.framework */; };
		AF9773541A1FE327008D13AA /* libxml2.2.dylib in Frameworks */ = {isa = PBXBuildFile; fileRef = AF9773531A1FE327008D13AA /* libxml2.2.dylib */; };
		AF9773561A1FE9F0008D13AA /* CoreGraphics.framework in Frameworks */ = {isa = PBXBuildFile; fileRef = AF9773551A1FE9F0008D13AA /* CoreGraphics.framework */; };
		AF9B39E81A28624600C926A9 /* grabatar@2x.png in Resources */ = {isa = PBXBuildFile; fileRef = AF9B39E71A28624600C926A9 /* grabatar@2x.png */; };
		AF9B39EA1A28624D00C926A9 /* grabatar_bg_clear@2x.png in Resources */ = {isa = PBXBuildFile; fileRef = AF9B39E91A28624D00C926A9 /* grabatar_bg_clear@2x.png */; };
		AF9B39EC1A29B0AB00C926A9 /* octocat@2x.png in Resources */ = {isa = PBXBuildFile; fileRef = AF9B39EB1A29B0AB00C926A9 /* octocat@2x.png */; };
		AF9B39EF1A29B0EB00C926A9 /* favorite@2x.png in Resources */ = {isa = PBXBuildFile; fileRef = AF9B39ED1A29B0EB00C926A9 /* favorite@2x.png */; };
		AF9B39F01A29B0EB00C926A9 /* setting@2x.png in Resources */ = {isa = PBXBuildFile; fileRef = AF9B39EE1A29B0EB00C926A9 /* setting@2x.png */; };
		AF9B39FA1A29FAE300C926A9 /* octocat120@2x.png in Resources */ = {isa = PBXBuildFile; fileRef = AF9B39F91A29FAE300C926A9 /* octocat120@2x.png */; };
		AF9B39FC1A2A000300C926A9 /* gitmob_title_logo@2x.png in Resources */ = {isa = PBXBuildFile; fileRef = AF9B39FB1A2A000300C926A9 /* gitmob_title_logo@2x.png */; };
		AF9D8BE71A2700900002B38F /* SVGTestViewController.m in Sources */ = {isa = PBXBuildFile; fileRef = AF9D8BE61A2700900002B38F /* SVGTestViewController.m */; };
		AFAB99A81A22A996000EE1B9 /* ContributionTableViewCell.m in Sources */ = {isa = PBXBuildFile; fileRef = AFAB99A71A22A996000EE1B9 /* ContributionTableViewCell.m */; };
/* End PBXBuildFile section */

/* Begin PBXContainerItemProxy section */
		AF9770CB1A1F77CE008D13AA /* PBXContainerItemProxy */ = {
			isa = PBXContainerItemProxy;
			containerPortal = AF9770A91A1F77CE008D13AA /* Project object */;
			proxyType = 1;
			remoteGlobalIDString = AF9770B01A1F77CE008D13AA;
			remoteInfo = GithubAPI_Sampler;
		};
/* End PBXContainerItemProxy section */

/* Begin PBXFileReference section */
		AF11C4DD1A3044A5000FF44B /* SHXMLParser.h */ = {isa = PBXFileReference; fileEncoding = 4; lastKnownFileType = sourcecode.c.h; path = SHXMLParser.h; sourceTree = "<group>"; };
		AF11C4DE1A3044A5000FF44B /* SHXMLParser.m */ = {isa = PBXFileReference; fileEncoding = 4; lastKnownFileType = sourcecode.c.objc; path = SHXMLParser.m; sourceTree = "<group>"; };
		AF11C4E81A34A5A3000FF44B /* DMSVGParser.h */ = {isa = PBXFileReference; fileEncoding = 4; lastKnownFileType = sourcecode.c.h; path = DMSVGParser.h; sourceTree = "<group>"; };
		AF11C4E91A34A5A3000FF44B /* DMSVGParser.m */ = {isa = PBXFileReference; fileEncoding = 4; lastKnownFileType = sourcecode.c.objc; path = DMSVGParser.m; sourceTree = "<group>"; };
		AF11C4EB1A34A998000FF44B /* UIColor+Hex.h */ = {isa = PBXFileReference; fileEncoding = 4; lastKnownFileType = sourcecode.c.h; path = "UIColor+Hex.h"; sourceTree = "<group>"; };
		AF11C4EC1A34A998000FF44B /* UIColor+Hex.m */ = {isa = PBXFileReference; fileEncoding = 4; lastKnownFileType = sourcecode.c.objc; path = "UIColor+Hex.m"; sourceTree = "<group>"; };
		AF5FFF491A245E6F00E2A08F /* MKAnnotationView+WebCache.h */ = {isa = PBXFileReference; fileEncoding = 4; lastKnownFileType = sourcecode.c.h; path = "MKAnnotationView+WebCache.h"; sourceTree = "<group>"; };
		AF5FFF4A1A245E6F00E2A08F /* MKAnnotationView+WebCache.m */ = {isa = PBXFileReference; fileEncoding = 4; lastKnownFileType = sourcecode.c.objc; path = "MKAnnotationView+WebCache.m"; sourceTree = "<group>"; };
		AF5FFF4B1A245E6F00E2A08F /* NSData+ImageContentType.h */ = {isa = PBXFileReference; fileEncoding = 4; lastKnownFileType = sourcecode.c.h; path = "NSData+ImageContentType.h"; sourceTree = "<group>"; };
		AF5FFF4C1A245E6F00E2A08F /* NSData+ImageContentType.m */ = {isa = PBXFileReference; fileEncoding = 4; lastKnownFileType = sourcecode.c.objc; path = "NSData+ImageContentType.m"; sourceTree = "<group>"; };
		AF5FFF4D1A245E6F00E2A08F /* SDImageCache.h */ = {isa = PBXFileReference; fileEncoding = 4; lastKnownFileType = sourcecode.c.h; path = SDImageCache.h; sourceTree = "<group>"; };
		AF5FFF4E1A245E6F00E2A08F /* SDImageCache.m */ = {isa = PBXFileReference; fileEncoding = 4; lastKnownFileType = sourcecode.c.objc; path = SDImageCache.m; sourceTree = "<group>"; };
		AF5FFF4F1A245E6F00E2A08F /* SDWebImageCompat.h */ = {isa = PBXFileReference; fileEncoding = 4; lastKnownFileType = sourcecode.c.h; path = SDWebImageCompat.h; sourceTree = "<group>"; };
		AF5FFF501A245E6F00E2A08F /* SDWebImageCompat.m */ = {isa = PBXFileReference; fileEncoding = 4; lastKnownFileType = sourcecode.c.objc; path = SDWebImageCompat.m; sourceTree = "<group>"; };
		AF5FFF511A245E6F00E2A08F /* SDWebImageDecoder.h */ = {isa = PBXFileReference; fileEncoding = 4; lastKnownFileType = sourcecode.c.h; path = SDWebImageDecoder.h; sourceTree = "<group>"; };
		AF5FFF521A245E6F00E2A08F /* SDWebImageDecoder.m */ = {isa = PBXFileReference; fileEncoding = 4; lastKnownFileType = sourcecode.c.objc; path = SDWebImageDecoder.m; sourceTree = "<group>"; };
		AF5FFF531A245E6F00E2A08F /* SDWebImageDownloader.h */ = {isa = PBXFileReference; fileEncoding = 4; lastKnownFileType = sourcecode.c.h; path = SDWebImageDownloader.h; sourceTree = "<group>"; };
		AF5FFF541A245E6F00E2A08F /* SDWebImageDownloader.m */ = {isa = PBXFileReference; fileEncoding = 4; lastKnownFileType = sourcecode.c.objc; path = SDWebImageDownloader.m; sourceTree = "<group>"; };
		AF5FFF551A245E6F00E2A08F /* SDWebImageDownloaderOperation.h */ = {isa = PBXFileReference; fileEncoding = 4; lastKnownFileType = sourcecode.c.h; path = SDWebImageDownloaderOperation.h; sourceTree = "<group>"; };
		AF5FFF561A245E6F00E2A08F /* SDWebImageDownloaderOperation.m */ = {isa = PBXFileReference; fileEncoding = 4; lastKnownFileType = sourcecode.c.objc; path = SDWebImageDownloaderOperation.m; sourceTree = "<group>"; };
		AF5FFF571A245E6F00E2A08F /* SDWebImageManager.h */ = {isa = PBXFileReference; fileEncoding = 4; lastKnownFileType = sourcecode.c.h; path = SDWebImageManager.h; sourceTree = "<group>"; };
		AF5FFF581A245E6F00E2A08F /* SDWebImageManager.m */ = {isa = PBXFileReference; fileEncoding = 4; lastKnownFileType = sourcecode.c.objc; path = SDWebImageManager.m; sourceTree = "<group>"; };
		AF5FFF591A245E6F00E2A08F /* SDWebImageOperation.h */ = {isa = PBXFileReference; fileEncoding = 4; lastKnownFileType = sourcecode.c.h; path = SDWebImageOperation.h; sourceTree = "<group>"; };
		AF5FFF5A1A245E6F00E2A08F /* SDWebImagePrefetcher.h */ = {isa = PBXFileReference; fileEncoding = 4; lastKnownFileType = sourcecode.c.h; path = SDWebImagePrefetcher.h; sourceTree = "<group>"; };
		AF5FFF5B1A245E6F00E2A08F /* SDWebImagePrefetcher.m */ = {isa = PBXFileReference; fileEncoding = 4; lastKnownFileType = sourcecode.c.objc; path = SDWebImagePrefetcher.m; sourceTree = "<group>"; };
		AF5FFF5C1A245E6F00E2A08F /* UIButton+WebCache.h */ = {isa = PBXFileReference; fileEncoding = 4; lastKnownFileType = sourcecode.c.h; path = "UIButton+WebCache.h"; sourceTree = "<group>"; };
		AF5FFF5D1A245E6F00E2A08F /* UIButton+WebCache.m */ = {isa = PBXFileReference; fileEncoding = 4; lastKnownFileType = sourcecode.c.objc; path = "UIButton+WebCache.m"; sourceTree = "<group>"; };
		AF5FFF5E1A245E6F00E2A08F /* UIImage+GIF.h */ = {isa = PBXFileReference; fileEncoding = 4; lastKnownFileType = sourcecode.c.h; path = "UIImage+GIF.h"; sourceTree = "<group>"; };
		AF5FFF5F1A245E6F00E2A08F /* UIImage+GIF.m */ = {isa = PBXFileReference; fileEncoding = 4; lastKnownFileType = sourcecode.c.objc; path = "UIImage+GIF.m"; sourceTree = "<group>"; };
		AF5FFF601A245E6F00E2A08F /* UIImage+MultiFormat.h */ = {isa = PBXFileReference; fileEncoding = 4; lastKnownFileType = sourcecode.c.h; path = "UIImage+MultiFormat.h"; sourceTree = "<group>"; };
		AF5FFF611A245E6F00E2A08F /* UIImage+MultiFormat.m */ = {isa = PBXFileReference; fileEncoding = 4; lastKnownFileType = sourcecode.c.objc; path = "UIImage+MultiFormat.m"; sourceTree = "<group>"; };
		AF5FFF621A245E6F00E2A08F /* UIImage+WebP.h */ = {isa = PBXFileReference; fileEncoding = 4; lastKnownFileType = sourcecode.c.h; path = "UIImage+WebP.h"; sourceTree = "<group>"; };
		AF5FFF631A245E6F00E2A08F /* UIImage+WebP.m */ = {isa = PBXFileReference; fileEncoding = 4; lastKnownFileType = sourcecode.c.objc; path = "UIImage+WebP.m"; sourceTree = "<group>"; };
		AF5FFF641A245E6F00E2A08F /* UIImageView+HighlightedWebCache.h */ = {isa = PBXFileReference; fileEncoding = 4; lastKnownFileType = sourcecode.c.h; path = "UIImageView+HighlightedWebCache.h"; sourceTree = "<group>"; };
		AF5FFF651A245E6F00E2A08F /* UIImageView+HighlightedWebCache.m */ = {isa = PBXFileReference; fileEncoding = 4; lastKnownFileType = sourcecode.c.objc; path = "UIImageView+HighlightedWebCache.m"; sourceTree = "<group>"; };
		AF5FFF661A245E6F00E2A08F /* UIImageView+WebCache.h */ = {isa = PBXFileReference; fileEncoding = 4; lastKnownFileType = sourcecode.c.h; path = "UIImageView+WebCache.h"; sourceTree = "<group>"; };
		AF5FFF671A245E6F00E2A08F /* UIImageView+WebCache.m */ = {isa = PBXFileReference; fileEncoding = 4; lastKnownFileType = sourcecode.c.objc; path = "UIImageView+WebCache.m"; sourceTree = "<group>"; };
		AF5FFF681A245E6F00E2A08F /* UIView+WebCacheOperation.h */ = {isa = PBXFileReference; fileEncoding = 4; lastKnownFileType = sourcecode.c.h; path = "UIView+WebCacheOperation.h"; sourceTree = "<group>"; };
		AF5FFF691A245E6F00E2A08F /* UIView+WebCacheOperation.m */ = {isa = PBXFileReference; fileEncoding = 4; lastKnownFileType = sourcecode.c.objc; path = "UIView+WebCacheOperation.m"; sourceTree = "<group>"; };
		AF5FFF7A1A24617A00E2A08F /* loading.gif */ = {isa = PBXFileReference; lastKnownFileType = image.gif; path = loading.gif; sourceTree = "<group>"; };
		AF7180BF1A24672F00C7FFA1 /* YLGIFImage.h */ = {isa = PBXFileReference; fileEncoding = 4; lastKnownFileType = sourcecode.c.h; path = YLGIFImage.h; sourceTree = "<group>"; };
		AF7180C01A24672F00C7FFA1 /* YLGIFImage.m */ = {isa = PBXFileReference; fileEncoding = 4; lastKnownFileType = sourcecode.c.objc; path = YLGIFImage.m; sourceTree = "<group>"; };
		AF7180C11A24672F00C7FFA1 /* YLGIFImageInSwiftProjectDemo-Bridging-Header.h */ = {isa = PBXFileReference; fileEncoding = 4; lastKnownFileType = sourcecode.c.h; path = "YLGIFImageInSwiftProjectDemo-Bridging-Header.h"; sourceTree = "<group>"; };
		AF7180C21A24672F00C7FFA1 /* YLImageView.h */ = {isa = PBXFileReference; fileEncoding = 4; lastKnownFileType = sourcecode.c.h; path = YLImageView.h; sourceTree = "<group>"; };
		AF7180C31A24672F00C7FFA1 /* YLImageView.m */ = {isa = PBXFileReference; fileEncoding = 4; lastKnownFileType = sourcecode.c.objc; path = YLImageView.m; sourceTree = "<group>"; };
		AF7180C61A24686600C7FFA1 /* ImageIO.framework */ = {isa = PBXFileReference; lastKnownFileType = wrapper.framework; name = ImageIO.framework; path = System/Library/Frameworks/ImageIO.framework; sourceTree = SDKROOT; };
		AF7180C81A25A09B00C7FFA1 /* RootNavigationViewController.h */ = {isa = PBXFileReference; fileEncoding = 4; lastKnownFileType = sourcecode.c.h; path = RootNavigationViewController.h; sourceTree = "<group>"; };
		AF7180C91A25A09B00C7FFA1 /* RootNavigationViewController.m */ = {isa = PBXFileReference; fileEncoding = 4; lastKnownFileType = sourcecode.c.objc; path = RootNavigationViewController.m; sourceTree = "<group>"; };
		AF7180CB1A25A0CE00C7FFA1 /* RootTabBarViewController.h */ = {isa = PBXFileReference; fileEncoding = 4; lastKnownFileType = sourcecode.c.h; path = RootTabBarViewController.h; sourceTree = "<group>"; };
		AF7180CC1A25A0CE00C7FFA1 /* RootTabBarViewController.m */ = {isa = PBXFileReference; fileEncoding = 4; lastKnownFileType = sourcecode.c.objc; path = RootTabBarViewController.m; sourceTree = "<group>"; };
		AF7180D01A25A22700C7FFA1 /* GADAdMobExtras.h */ = {isa = PBXFileReference; fileEncoding = 4; lastKnownFileType = sourcecode.c.h; path = GADAdMobExtras.h; sourceTree = "<group>"; };
		AF7180D11A25A22700C7FFA1 /* GADAdNetworkExtras.h */ = {isa = PBXFileReference; fileEncoding = 4; lastKnownFileType = sourcecode.c.h; path = GADAdNetworkExtras.h; sourceTree = "<group>"; };
		AF7180D21A25A22700C7FFA1 /* GADAdSize.h */ = {isa = PBXFileReference; fileEncoding = 4; lastKnownFileType = sourcecode.c.h; path = GADAdSize.h; sourceTree = "<group>"; };
		AF7180D31A25A22700C7FFA1 /* GADBannerView.h */ = {isa = PBXFileReference; fileEncoding = 4; lastKnownFileType = sourcecode.c.h; path = GADBannerView.h; sourceTree = "<group>"; };
		AF7180D41A25A22700C7FFA1 /* GADBannerViewDelegate.h */ = {isa = PBXFileReference; fileEncoding = 4; lastKnownFileType = sourcecode.c.h; path = GADBannerViewDelegate.h; sourceTree = "<group>"; };
		AF7180D51A25A22700C7FFA1 /* GADInAppPurchase.h */ = {isa = PBXFileReference; fileEncoding = 4; lastKnownFileType = sourcecode.c.h; path = GADInAppPurchase.h; sourceTree = "<group>"; };
		AF7180D61A25A22700C7FFA1 /* GADInAppPurchaseDelegate.h */ = {isa = PBXFileReference; fileEncoding = 4; lastKnownFileType = sourcecode.c.h; path = GADInAppPurchaseDelegate.h; sourceTree = "<group>"; };
		AF7180D71A25A22700C7FFA1 /* GADInterstitial.h */ = {isa = PBXFileReference; fileEncoding = 4; lastKnownFileType = sourcecode.c.h; path = GADInterstitial.h; sourceTree = "<group>"; };
		AF7180D81A25A22700C7FFA1 /* GADInterstitialDelegate.h */ = {isa = PBXFileReference; fileEncoding = 4; lastKnownFileType = sourcecode.c.h; path = GADInterstitialDelegate.h; sourceTree = "<group>"; };
		AF7180D91A25A22700C7FFA1 /* GADModules.h */ = {isa = PBXFileReference; fileEncoding = 4; lastKnownFileType = sourcecode.c.h; path = GADModules.h; sourceTree = "<group>"; };
		AF7180DA1A25A22700C7FFA1 /* GADRequest.h */ = {isa = PBXFileReference; fileEncoding = 4; lastKnownFileType = sourcecode.c.h; path = GADRequest.h; sourceTree = "<group>"; };
		AF7180DB1A25A22700C7FFA1 /* GADRequestError.h */ = {isa = PBXFileReference; fileEncoding = 4; lastKnownFileType = sourcecode.c.h; path = GADRequestError.h; sourceTree = "<group>"; };
		AF7180DC1A25A22700C7FFA1 /* libGoogleAdMobAds.a */ = {isa = PBXFileReference; lastKnownFileType = archive.ar; path = libGoogleAdMobAds.a; sourceTree = "<group>"; };
		AF7180DE1A25A24300C7FFA1 /* AdSupport.framework */ = {isa = PBXFileReference; lastKnownFileType = wrapper.framework; name = AdSupport.framework; path = System/Library/Frameworks/AdSupport.framework; sourceTree = SDKROOT; };
		AF7180E01A25A24A00C7FFA1 /* AudioToolbox.framework */ = {isa = PBXFileReference; lastKnownFileType = wrapper.framework; name = AudioToolbox.framework; path = System/Library/Frameworks/AudioToolbox.framework; sourceTree = SDKROOT; };
		AF7180E21A25A25100C7FFA1 /* AVFoundation.framework */ = {isa = PBXFileReference; lastKnownFileType = wrapper.framework; name = AVFoundation.framework; path = System/Library/Frameworks/AVFoundation.framework; sourceTree = SDKROOT; };
		AF7180E41A25A25C00C7FFA1 /* MessageUI.framework */ = {isa = PBXFileReference; lastKnownFileType = wrapper.framework; name = MessageUI.framework; path = System/Library/Frameworks/MessageUI.framework; sourceTree = SDKROOT; };
		AF7180E61A25A26700C7FFA1 /* StoreKit.framework */ = {isa = PBXFileReference; lastKnownFileType = wrapper.framework; name = StoreKit.framework; path = System/Library/Frameworks/StoreKit.framework; sourceTree = SDKROOT; };
		AF7180E81A25A27200C7FFA1 /* SystemConfiguration.framework */ = {isa = PBXFileReference; lastKnownFileType = wrapper.framework; name = SystemConfiguration.framework; path = System/Library/Frameworks/SystemConfiguration.framework; sourceTree = SDKROOT; };
		AF7180EA1A25A27D00C7FFA1 /* CoreTelephony.framework */ = {isa = PBXFileReference; lastKnownFileType = wrapper.framework; name = CoreTelephony.framework; path = System/Library/Frameworks/CoreTelephony.framework; sourceTree = SDKROOT; };
		AF9770B11A1F77CE008D13AA /* GithubAPI_Sampler.app */ = {isa = PBXFileReference; explicitFileType = wrapper.application; includeInIndex = 0; path = GithubAPI_Sampler.app; sourceTree = BUILT_PRODUCTS_DIR; };
		AF9770B51A1F77CE008D13AA /* Info.plist */ = {isa = PBXFileReference; lastKnownFileType = text.plist.xml; path = Info.plist; sourceTree = "<group>"; };
		AF9770B61A1F77CE008D13AA /* main.m */ = {isa = PBXFileReference; lastKnownFileType = sourcecode.c.objc; path = main.m; sourceTree = "<group>"; };
		AF9770B81A1F77CE008D13AA /* AppDelegate.h */ = {isa = PBXFileReference; lastKnownFileType = sourcecode.c.h; path = AppDelegate.h; sourceTree = "<group>"; };
		AF9770B91A1F77CE008D13AA /* AppDelegate.m */ = {isa = PBXFileReference; lastKnownFileType = sourcecode.c.objc; path = AppDelegate.m; sourceTree = "<group>"; };
		AF9770BB1A1F77CE008D13AA /* ViewController.h */ = {isa = PBXFileReference; lastKnownFileType = sourcecode.c.h; path = ViewController.h; sourceTree = "<group>"; };
		AF9770BC1A1F77CE008D13AA /* ViewController.m */ = {isa = PBXFileReference; lastKnownFileType = sourcecode.c.objc; path = ViewController.m; sourceTree = "<group>"; };
		AF9770BF1A1F77CE008D13AA /* Base */ = {isa = PBXFileReference; lastKnownFileType = file.storyboard; name = Base; path = Base.lproj/Main.storyboard; sourceTree = "<group>"; };
		AF9770C11A1F77CE008D13AA /* Images.xcassets */ = {isa = PBXFileReference; lastKnownFileType = folder.assetcatalog; path = Images.xcassets; sourceTree = "<group>"; };
		AF9770C41A1F77CE008D13AA /* Base */ = {isa = PBXFileReference; lastKnownFileType = file.xib; name = Base; path = Base.lproj/LaunchScreen.xib; sourceTree = "<group>"; };
		AF9770CA1A1F77CE008D13AA /* GithubAPI_SamplerTests.xctest */ = {isa = PBXFileReference; explicitFileType = wrapper.cfbundle; includeInIndex = 0; path = GithubAPI_SamplerTests.xctest; sourceTree = BUILT_PRODUCTS_DIR; };
		AF9770CF1A1F77CE008D13AA /* Info.plist */ = {isa = PBXFileReference; lastKnownFileType = text.plist.xml; path = Info.plist; sourceTree = "<group>"; };
		AF9770D01A1F77CE008D13AA /* GithubAPI_SamplerTests.m */ = {isa = PBXFileReference; lastKnownFileType = sourcecode.c.objc; path = GithubAPI_SamplerTests.m; sourceTree = "<group>"; };
		AF9771131A1F7AF4008D13AA /* OAuthConstManager.h */ = {isa = PBXFileReference; fileEncoding = 4; lastKnownFileType = sourcecode.c.h; path = OAuthConstManager.h; sourceTree = "<group>"; };
		AF9771141A1F7AF4008D13AA /* OAuthConstManager.m */ = {isa = PBXFileReference; fileEncoding = 4; lastKnownFileType = sourcecode.c.objc; path = OAuthConstManager.m; sourceTree = "<group>"; };
		AF9771161A1FBA19008D13AA /* Default-568h@2x.png */ = {isa = PBXFileReference; lastKnownFileType = image.png; path = "Default-568h@2x.png"; sourceTree = "<group>"; };
		AF9771C21A1FCC4D008D13AA /* AFHTTPRequestOperation.h */ = {isa = PBXFileReference; fileEncoding = 4; lastKnownFileType = sourcecode.c.h; path = AFHTTPRequestOperation.h; sourceTree = "<group>"; };
		AF9771C31A1FCC4D008D13AA /* AFHTTPRequestOperation.m */ = {isa = PBXFileReference; fileEncoding = 4; lastKnownFileType = sourcecode.c.objc; path = AFHTTPRequestOperation.m; sourceTree = "<group>"; };
		AF9771C41A1FCC4D008D13AA /* AFHTTPRequestOperationManager.h */ = {isa = PBXFileReference; fileEncoding = 4; lastKnownFileType = sourcecode.c.h; path = AFHTTPRequestOperationManager.h; sourceTree = "<group>"; };
		AF9771C51A1FCC4D008D13AA /* AFHTTPRequestOperationManager.m */ = {isa = PBXFileReference; fileEncoding = 4; lastKnownFileType = sourcecode.c.objc; path = AFHTTPRequestOperationManager.m; sourceTree = "<group>"; };
		AF9771C61A1FCC4D008D13AA /* AFHTTPSessionManager.h */ = {isa = PBXFileReference; fileEncoding = 4; lastKnownFileType = sourcecode.c.h; path = AFHTTPSessionManager.h; sourceTree = "<group>"; };
		AF9771C71A1FCC4D008D13AA /* AFHTTPSessionManager.m */ = {isa = PBXFileReference; fileEncoding = 4; lastKnownFileType = sourcecode.c.objc; path = AFHTTPSessionManager.m; sourceTree = "<group>"; };
		AF9771C81A1FCC4D008D13AA /* AFNetworking.h */ = {isa = PBXFileReference; fileEncoding = 4; lastKnownFileType = sourcecode.c.h; path = AFNetworking.h; sourceTree = "<group>"; };
		AF9771C91A1FCC4D008D13AA /* AFNetworkReachabilityManager.h */ = {isa = PBXFileReference; fileEncoding = 4; lastKnownFileType = sourcecode.c.h; path = AFNetworkReachabilityManager.h; sourceTree = "<group>"; };
		AF9771CA1A1FCC4D008D13AA /* AFNetworkReachabilityManager.m */ = {isa = PBXFileReference; fileEncoding = 4; lastKnownFileType = sourcecode.c.objc; path = AFNetworkReachabilityManager.m; sourceTree = "<group>"; };
		AF9771CB1A1FCC4D008D13AA /* AFSecurityPolicy.h */ = {isa = PBXFileReference; fileEncoding = 4; lastKnownFileType = sourcecode.c.h; path = AFSecurityPolicy.h; sourceTree = "<group>"; };
		AF9771CC1A1FCC4D008D13AA /* AFSecurityPolicy.m */ = {isa = PBXFileReference; fileEncoding = 4; lastKnownFileType = sourcecode.c.objc; path = AFSecurityPolicy.m; sourceTree = "<group>"; };
		AF9771CD1A1FCC4D008D13AA /* AFURLConnectionOperation.h */ = {isa = PBXFileReference; fileEncoding = 4; lastKnownFileType = sourcecode.c.h; path = AFURLConnectionOperation.h; sourceTree = "<group>"; };
		AF9771CE1A1FCC4D008D13AA /* AFURLConnectionOperation.m */ = {isa = PBXFileReference; fileEncoding = 4; lastKnownFileType = sourcecode.c.objc; path = AFURLConnectionOperation.m; sourceTree = "<group>"; };
		AF9771CF1A1FCC4D008D13AA /* AFURLRequestSerialization.h */ = {isa = PBXFileReference; fileEncoding = 4; lastKnownFileType = sourcecode.c.h; path = AFURLRequestSerialization.h; sourceTree = "<group>"; };
		AF9771D01A1FCC4D008D13AA /* AFURLRequestSerialization.m */ = {isa = PBXFileReference; fileEncoding = 4; lastKnownFileType = sourcecode.c.objc; path = AFURLRequestSerialization.m; sourceTree = "<group>"; };
		AF9771D11A1FCC4D008D13AA /* AFURLResponseSerialization.h */ = {isa = PBXFileReference; fileEncoding = 4; lastKnownFileType = sourcecode.c.h; path = AFURLResponseSerialization.h; sourceTree = "<group>"; };
		AF9771D21A1FCC4D008D13AA /* AFURLResponseSerialization.m */ = {isa = PBXFileReference; fileEncoding = 4; lastKnownFileType = sourcecode.c.objc; path = AFURLResponseSerialization.m; sourceTree = "<group>"; };
		AF9771D31A1FCC4D008D13AA /* AFURLSessionManager.h */ = {isa = PBXFileReference; fileEncoding = 4; lastKnownFileType = sourcecode.c.h; path = AFURLSessionManager.h; sourceTree = "<group>"; };
		AF9771D41A1FCC4D008D13AA /* AFURLSessionManager.m */ = {isa = PBXFileReference; fileEncoding = 4; lastKnownFileType = sourcecode.c.objc; path = AFURLSessionManager.m; sourceTree = "<group>"; };
		AF9773511A1FE31E008D13AA /* QuartzCore.framework */ = {isa = PBXFileReference; lastKnownFileType = wrapper.framework; name = QuartzCore.framework; path = System/Library/Frameworks/QuartzCore.framework; sourceTree = SDKROOT; };
		AF9773531A1FE327008D13AA /* libxml2.2.dylib */ = {isa = PBXFileReference; lastKnownFileType = "compiled.mach-o.dylib"; name = libxml2.2.dylib; path = usr/lib/libxml2.2.dylib; sourceTree = SDKROOT; };
		AF9773551A1FE9F0008D13AA /* CoreGraphics.framework */ = {isa = PBXFileReference; lastKnownFileType = wrapper.framework; name = CoreGraphics.framework; path = System/Library/Frameworks/CoreGraphics.framework; sourceTree = SDKROOT; };
		AF9B39E71A28624600C926A9 /* grabatar@2x.png */ = {isa = PBXFileReference; lastKnownFileType = image.png; path = "grabatar@2x.png"; sourceTree = "<group>"; };
		AF9B39E91A28624D00C926A9 /* grabatar_bg_clear@2x.png */ = {isa = PBXFileReference; lastKnownFileType = image.png; path = "grabatar_bg_clear@2x.png"; sourceTree = "<group>"; };
		AF9B39EB1A29B0AB00C926A9 /* octocat@2x.png */ = {isa = PBXFileReference; lastKnownFileType = image.png; path = "octocat@2x.png"; sourceTree = "<group>"; };
		AF9B39ED1A29B0EB00C926A9 /* favorite@2x.png */ = {isa = PBXFileReference; lastKnownFileType = image.png; path = "favorite@2x.png"; sourceTree = "<group>"; };
		AF9B39EE1A29B0EB00C926A9 /* setting@2x.png */ = {isa = PBXFileReference; lastKnownFileType = image.png; path = "setting@2x.png"; sourceTree = "<group>"; };
		AF9B39F91A29FAE300C926A9 /* octocat120@2x.png */ = {isa = PBXFileReference; lastKnownFileType = image.png; path = "octocat120@2x.png"; sourceTree = "<group>"; };
		AF9B39FB1A2A000300C926A9 /* gitmob_title_logo@2x.png */ = {isa = PBXFileReference; lastKnownFileType = image.png; path = "gitmob_title_logo@2x.png"; sourceTree = "<group>"; };
		AF9D8BE51A2700900002B38F /* SVGTestViewController.h */ = {isa = PBXFileReference; fileEncoding = 4; lastKnownFileType = sourcecode.c.h; path = SVGTestViewController.h; sourceTree = "<group>"; };
		AF9D8BE61A2700900002B38F /* SVGTestViewController.m */ = {isa = PBXFileReference; fileEncoding = 4; lastKnownFileType = sourcecode.c.objc; path = SVGTestViewController.m; sourceTree = "<group>"; };
		AFAB99A61A22A996000EE1B9 /* ContributionTableViewCell.h */ = {isa = PBXFileReference; fileEncoding = 4; lastKnownFileType = sourcecode.c.h; path = ContributionTableViewCell.h; sourceTree = "<group>"; };
		AFAB99A71A22A996000EE1B9 /* ContributionTableViewCell.m */ = {isa = PBXFileReference; fileEncoding = 4; lastKnownFileType = sourcecode.c.objc; path = ContributionTableViewCell.m; sourceTree = "<group>"; };
/* End PBXFileReference section */

/* Begin PBXFrameworksBuildPhase section */
		AF9770AE1A1F77CE008D13AA /* Frameworks */ = {
			isa = PBXFrameworksBuildPhase;
			buildActionMask = 2147483647;
			files = (
				AF7180EB1A25A27D00C7FFA1 /* CoreTelephony.framework in Frameworks */,
				AF7180E91A25A27200C7FFA1 /* SystemConfiguration.framework in Frameworks */,
				AF7180E71A25A26700C7FFA1 /* StoreKit.framework in Frameworks */,
				AF7180E51A25A25C00C7FFA1 /* MessageUI.framework in Frameworks */,
				AF7180E31A25A25100C7FFA1 /* AVFoundation.framework in Frameworks */,
				AF7180E11A25A24A00C7FFA1 /* AudioToolbox.framework in Frameworks */,
				AF7180DF1A25A24300C7FFA1 /* AdSupport.framework in Frameworks */,
				AF7180C71A24686600C7FFA1 /* ImageIO.framework in Frameworks */,
				AF9773561A1FE9F0008D13AA /* CoreGraphics.framework in Frameworks */,
				AF9773541A1FE327008D13AA /* libxml2.2.dylib in Frameworks */,
				AF9773521A1FE31E008D13AA /* QuartzCore.framework in Frameworks */,
				AF7180DD1A25A22700C7FFA1 /* libGoogleAdMobAds.a in Frameworks */,
			);
			runOnlyForDeploymentPostprocessing = 0;
		};
		AF9770C71A1F77CE008D13AA /* Frameworks */ = {
			isa = PBXFrameworksBuildPhase;
			buildActionMask = 2147483647;
			files = (
			);
			runOnlyForDeploymentPostprocessing = 0;
		};
/* End PBXFrameworksBuildPhase section */

/* Begin PBXGroup section */
		AF11C4DC1A3044A5000FF44B /* SHXMLParser */ = {
			isa = PBXGroup;
			children = (
				AF11C4DD1A3044A5000FF44B /* SHXMLParser.h */,
				AF11C4DE1A3044A5000FF44B /* SHXMLParser.m */,
			);
			path = SHXMLParser;
			sourceTree = "<group>";
		};
		AF11C4E71A34A581000FF44B /* DMSVGParser */ = {
			isa = PBXGroup;
			children = (
				AF11C4E81A34A5A3000FF44B /* DMSVGParser.h */,
				AF11C4E91A34A5A3000FF44B /* DMSVGParser.m */,
				AF11C4EB1A34A998000FF44B /* UIColor+Hex.h */,
				AF11C4EC1A34A998000FF44B /* UIColor+Hex.m */,
			);
			name = DMSVGParser;
			sourceTree = "<group>";
		};
		AF5FFF481A245E6F00E2A08F /* SDWebImage */ = {
			isa = PBXGroup;
			children = (
				AF5FFF7A1A24617A00E2A08F /* loading.gif */,
				AF5FFF491A245E6F00E2A08F /* MKAnnotationView+WebCache.h */,
				AF5FFF4A1A245E6F00E2A08F /* MKAnnotationView+WebCache.m */,
				AF5FFF4B1A245E6F00E2A08F /* NSData+ImageContentType.h */,
				AF5FFF4C1A245E6F00E2A08F /* NSData+ImageContentType.m */,
				AF5FFF4D1A245E6F00E2A08F /* SDImageCache.h */,
				AF5FFF4E1A245E6F00E2A08F /* SDImageCache.m */,
				AF5FFF4F1A245E6F00E2A08F /* SDWebImageCompat.h */,
				AF5FFF501A245E6F00E2A08F /* SDWebImageCompat.m */,
				AF5FFF511A245E6F00E2A08F /* SDWebImageDecoder.h */,
				AF5FFF521A245E6F00E2A08F /* SDWebImageDecoder.m */,
				AF5FFF531A245E6F00E2A08F /* SDWebImageDownloader.h */,
				AF5FFF541A245E6F00E2A08F /* SDWebImageDownloader.m */,
				AF5FFF551A245E6F00E2A08F /* SDWebImageDownloaderOperation.h */,
				AF5FFF561A245E6F00E2A08F /* SDWebImageDownloaderOperation.m */,
				AF5FFF571A245E6F00E2A08F /* SDWebImageManager.h */,
				AF5FFF581A245E6F00E2A08F /* SDWebImageManager.m */,
				AF5FFF591A245E6F00E2A08F /* SDWebImageOperation.h */,
				AF5FFF5A1A245E6F00E2A08F /* SDWebImagePrefetcher.h */,
				AF5FFF5B1A245E6F00E2A08F /* SDWebImagePrefetcher.m */,
				AF5FFF5C1A245E6F00E2A08F /* UIButton+WebCache.h */,
				AF5FFF5D1A245E6F00E2A08F /* UIButton+WebCache.m */,
				AF5FFF5E1A245E6F00E2A08F /* UIImage+GIF.h */,
				AF5FFF5F1A245E6F00E2A08F /* UIImage+GIF.m */,
				AF5FFF601A245E6F00E2A08F /* UIImage+MultiFormat.h */,
				AF5FFF611A245E6F00E2A08F /* UIImage+MultiFormat.m */,
				AF5FFF621A245E6F00E2A08F /* UIImage+WebP.h */,
				AF5FFF631A245E6F00E2A08F /* UIImage+WebP.m */,
				AF5FFF641A245E6F00E2A08F /* UIImageView+HighlightedWebCache.h */,
				AF5FFF651A245E6F00E2A08F /* UIImageView+HighlightedWebCache.m */,
				AF5FFF661A245E6F00E2A08F /* UIImageView+WebCache.h */,
				AF5FFF671A245E6F00E2A08F /* UIImageView+WebCache.m */,
				AF5FFF681A245E6F00E2A08F /* UIView+WebCacheOperation.h */,
				AF5FFF691A245E6F00E2A08F /* UIView+WebCacheOperation.m */,
			);
			path = SDWebImage;
			sourceTree = "<group>";
		};
		AF7180BE1A24672F00C7FFA1 /* YLGIFImage */ = {
			isa = PBXGroup;
			children = (
				AF7180BF1A24672F00C7FFA1 /* YLGIFImage.h */,
				AF7180C01A24672F00C7FFA1 /* YLGIFImage.m */,
				AF7180C11A24672F00C7FFA1 /* YLGIFImageInSwiftProjectDemo-Bridging-Header.h */,
				AF7180C21A24672F00C7FFA1 /* YLImageView.h */,
				AF7180C31A24672F00C7FFA1 /* YLImageView.m */,
			);
			path = YLGIFImage;
			sourceTree = "<group>";
		};
		AF7180CE1A25A0D200C7FFA1 /* Root */ = {
			isa = PBXGroup;
			children = (
				AF7180C81A25A09B00C7FFA1 /* RootNavigationViewController.h */,
				AF7180C91A25A09B00C7FFA1 /* RootNavigationViewController.m */,
				AF7180CB1A25A0CE00C7FFA1 /* RootTabBarViewController.h */,
				AF7180CC1A25A0CE00C7FFA1 /* RootTabBarViewController.m */,
			);
			name = Root;
			sourceTree = "<group>";
		};
		AF7180CF1A25A20F00C7FFA1 /* AdMob */ = {
			isa = PBXGroup;
			children = (
				AF7180D01A25A22700C7FFA1 /* GADAdMobExtras.h */,
				AF7180D11A25A22700C7FFA1 /* GADAdNetworkExtras.h */,
				AF7180D21A25A22700C7FFA1 /* GADAdSize.h */,
				AF7180D31A25A22700C7FFA1 /* GADBannerView.h */,
				AF7180D41A25A22700C7FFA1 /* GADBannerViewDelegate.h */,
				AF7180D51A25A22700C7FFA1 /* GADInAppPurchase.h */,
				AF7180D61A25A22700C7FFA1 /* GADInAppPurchaseDelegate.h */,
				AF7180D71A25A22700C7FFA1 /* GADInterstitial.h */,
				AF7180D81A25A22700C7FFA1 /* GADInterstitialDelegate.h */,
				AF7180D91A25A22700C7FFA1 /* GADModules.h */,
				AF7180DA1A25A22700C7FFA1 /* GADRequest.h */,
				AF7180DB1A25A22700C7FFA1 /* GADRequestError.h */,
				AF7180DC1A25A22700C7FFA1 /* libGoogleAdMobAds.a */,
			);
			name = AdMob;
			sourceTree = "<group>";
		};
		AF9770A81A1F77CE008D13AA = {
			isa = PBXGroup;
			children = (
				AF9770B31A1F77CE008D13AA /* GithubAPI_Sampler */,
				AF9770CD1A1F77CE008D13AA /* GithubAPI_SamplerTests */,
				AF9770B21A1F77CE008D13AA /* Products */,
			);
			sourceTree = "<group>";
		};
		AF9770B21A1F77CE008D13AA /* Products */ = {
			isa = PBXGroup;
			children = (
				AF9770B11A1F77CE008D13AA /* GithubAPI_Sampler.app */,
				AF9770CA1A1F77CE008D13AA /* GithubAPI_SamplerTests.xctest */,
			);
			name = Products;
			sourceTree = "<group>";
		};
		AF9770B31A1F77CE008D13AA /* GithubAPI_Sampler */ = {
			isa = PBXGroup;
			children = (
				AF7180CF1A25A20F00C7FFA1 /* AdMob */,
				AFAB99AA1A22F5D5000EE1B9 /* Images */,
				AFAB99A91A22EE1C000EE1B9 /* Libraries */,
				AF9770B81A1F77CE008D13AA /* AppDelegate.h */,
				AF9770B91A1F77CE008D13AA /* AppDelegate.m */,
				AF7180CE1A25A0D200C7FFA1 /* Root */,
				AF9771131A1F7AF4008D13AA /* OAuthConstManager.h */,
				AF9771141A1F7AF4008D13AA /* OAuthConstManager.m */,
				AF9770BB1A1F77CE008D13AA /* ViewController.h */,
				AF9770BC1A1F77CE008D13AA /* ViewController.m */,
				AFAB99A61A22A996000EE1B9 /* ContributionTableViewCell.h */,
				AFAB99A71A22A996000EE1B9 /* ContributionTableViewCell.m */,
				AF9D8BE51A2700900002B38F /* SVGTestViewController.h */,
				AF9D8BE61A2700900002B38F /* SVGTestViewController.m */,
				AF9770BE1A1F77CE008D13AA /* Main.storyboard */,
				AF9770C11A1F77CE008D13AA /* Images.xcassets */,
				AF9770C31A1F77CE008D13AA /* LaunchScreen.xib */,
				AF9770B41A1F77CE008D13AA /* Supporting Files */,
			);
			path = GithubAPI_Sampler;
			sourceTree = "<group>";
		};
		AF9770B41A1F77CE008D13AA /* Supporting Files */ = {
			isa = PBXGroup;
			children = (
				AF7180EA1A25A27D00C7FFA1 /* CoreTelephony.framework */,
				AF7180E81A25A27200C7FFA1 /* SystemConfiguration.framework */,
				AF7180E61A25A26700C7FFA1 /* StoreKit.framework */,
				AF7180E41A25A25C00C7FFA1 /* MessageUI.framework */,
				AF7180E21A25A25100C7FFA1 /* AVFoundation.framework */,
				AF7180E01A25A24A00C7FFA1 /* AudioToolbox.framework */,
				AF7180DE1A25A24300C7FFA1 /* AdSupport.framework */,
				AF7180C61A24686600C7FFA1 /* ImageIO.framework */,
				AF9773551A1FE9F0008D13AA /* CoreGraphics.framework */,
				AF9773511A1FE31E008D13AA /* QuartzCore.framework */,
				AF9773531A1FE327008D13AA /* libxml2.2.dylib */,
				AF9771161A1FBA19008D13AA /* Default-568h@2x.png */,
				AF9770B51A1F77CE008D13AA /* Info.plist */,
				AF9770B61A1F77CE008D13AA /* main.m */,
			);
			name = "Supporting Files";
			sourceTree = "<group>";
		};
		AF9770CD1A1F77CE008D13AA /* GithubAPI_SamplerTests */ = {
			isa = PBXGroup;
			children = (
				AF9770D01A1F77CE008D13AA /* GithubAPI_SamplerTests.m */,
				AF9770CE1A1F77CE008D13AA /* Supporting Files */,
			);
			path = GithubAPI_SamplerTests;
			sourceTree = "<group>";
		};
		AF9770CE1A1F77CE008D13AA /* Supporting Files */ = {
			isa = PBXGroup;
			children = (
				AF9770CF1A1F77CE008D13AA /* Info.plist */,
			);
			name = "Supporting Files";
			sourceTree = "<group>";
		};
		AF9771C11A1FCC4D008D13AA /* AFNetworking */ = {
			isa = PBXGroup;
			children = (
				AF9771C21A1FCC4D008D13AA /* AFHTTPRequestOperation.h */,
				AF9771C31A1FCC4D008D13AA /* AFHTTPRequestOperation.m */,
				AF9771C41A1FCC4D008D13AA /* AFHTTPRequestOperationManager.h */,
				AF9771C51A1FCC4D008D13AA /* AFHTTPRequestOperationManager.m */,
				AF9771C61A1FCC4D008D13AA /* AFHTTPSessionManager.h */,
				AF9771C71A1FCC4D008D13AA /* AFHTTPSessionManager.m */,
				AF9771C81A1FCC4D008D13AA /* AFNetworking.h */,
				AF9771C91A1FCC4D008D13AA /* AFNetworkReachabilityManager.h */,
				AF9771CA1A1FCC4D008D13AA /* AFNetworkReachabilityManager.m */,
				AF9771CB1A1FCC4D008D13AA /* AFSecurityPolicy.h */,
				AF9771CC1A1FCC4D008D13AA /* AFSecurityPolicy.m */,
				AF9771CD1A1FCC4D008D13AA /* AFURLConnectionOperation.h */,
				AF9771CE1A1FCC4D008D13AA /* AFURLConnectionOperation.m */,
				AF9771CF1A1FCC4D008D13AA /* AFURLRequestSerialization.h */,
				AF9771D01A1FCC4D008D13AA /* AFURLRequestSerialization.m */,
				AF9771D11A1FCC4D008D13AA /* AFURLResponseSerialization.h */,
				AF9771D21A1FCC4D008D13AA /* AFURLResponseSerialization.m */,
				AF9771D31A1FCC4D008D13AA /* AFURLSessionManager.h */,
				AF9771D41A1FCC4D008D13AA /* AFURLSessionManager.m */,
			);
			path = AFNetworking;
			sourceTree = "<group>";
		};
		AFAB99A91A22EE1C000EE1B9 /* Libraries */ = {
			isa = PBXGroup;
			children = (
				AF11C4E71A34A581000FF44B /* DMSVGParser */,
				AF11C4DC1A3044A5000FF44B /* SHXMLParser */,
				AF7180BE1A24672F00C7FFA1 /* YLGIFImage */,
				AF5FFF481A245E6F00E2A08F /* SDWebImage */,
				AF9771C11A1FCC4D008D13AA /* AFNetworking */,
			);
			name = Libraries;
			sourceTree = "<group>";
		};
		AFAB99AA1A22F5D5000EE1B9 /* Images */ = {
			isa = PBXGroup;
			children = (
				AF9B39FB1A2A000300C926A9 /* gitmob_title_logo@2x.png */,
				AF9B39F91A29FAE300C926A9 /* octocat120@2x.png */,
				AF9B39ED1A29B0EB00C926A9 /* favorite@2x.png */,
				AF9B39EE1A29B0EB00C926A9 /* setting@2x.png */,
				AF9B39EB1A29B0AB00C926A9 /* octocat@2x.png */,
				AF9B39E71A28624600C926A9 /* grabatar@2x.png */,
				AF9B39E91A28624D00C926A9 /* grabatar_bg_clear@2x.png */,
			);
			name = Images;
			sourceTree = "<group>";
		};
/* End PBXGroup section */

/* Begin PBXNativeTarget section */
		AF9770B01A1F77CE008D13AA /* GithubAPI_Sampler */ = {
			isa = PBXNativeTarget;
			buildConfigurationList = AF9770D41A1F77CE008D13AA /* Build configuration list for PBXNativeTarget "GithubAPI_Sampler" */;
			buildPhases = (
				AF9770AD1A1F77CE008D13AA /* Sources */,
				AF9770AE1A1F77CE008D13AA /* Frameworks */,
				AF9770AF1A1F77CE008D13AA /* Resources */,
			);
			buildRules = (
			);
			dependencies = (
			);
			name = GithubAPI_Sampler;
			productName = GithubAPI_Sampler;
			productReference = AF9770B11A1F77CE008D13AA /* GithubAPI_Sampler.app */;
			productType = "com.apple.product-type.application";
		};
		AF9770C91A1F77CE008D13AA /* GithubAPI_SamplerTests */ = {
			isa = PBXNativeTarget;
			buildConfigurationList = AF9770D71A1F77CE008D13AA /* Build configuration list for PBXNativeTarget "GithubAPI_SamplerTests" */;
			buildPhases = (
				AF9770C61A1F77CE008D13AA /* Sources */,
				AF9770C71A1F77CE008D13AA /* Frameworks */,
				AF9770C81A1F77CE008D13AA /* Resources */,
			);
			buildRules = (
			);
			dependencies = (
				AF9770CC1A1F77CE008D13AA /* PBXTargetDependency */,
			);
			name = GithubAPI_SamplerTests;
			productName = GithubAPI_SamplerTests;
			productReference = AF9770CA1A1F77CE008D13AA /* GithubAPI_SamplerTests.xctest */;
			productType = "com.apple.product-type.bundle.unit-test";
		};
/* End PBXNativeTarget section */

/* Begin PBXProject section */
		AF9770A91A1F77CE008D13AA /* Project object */ = {
			isa = PBXProject;
			attributes = {
				LastUpgradeCheck = 0610;
				ORGANIZATIONNAME = net.masuhara;
				TargetAttributes = {
					AF9770B01A1F77CE008D13AA = {
						CreatedOnToolsVersion = 6.1;
					};
					AF9770C91A1F77CE008D13AA = {
						CreatedOnToolsVersion = 6.1;
						TestTargetID = AF9770B01A1F77CE008D13AA;
					};
				};
			};
			buildConfigurationList = AF9770AC1A1F77CE008D13AA /* Build configuration list for PBXProject "GithubAPI_Sampler" */;
			compatibilityVersion = "Xcode 3.2";
			developmentRegion = English;
			hasScannedForEncodings = 0;
			knownRegions = (
				en,
				Base,
			);
			mainGroup = AF9770A81A1F77CE008D13AA;
			productRefGroup = AF9770B21A1F77CE008D13AA /* Products */;
			projectDirPath = "";
			projectRoot = "";
			targets = (
				AF9770B01A1F77CE008D13AA /* GithubAPI_Sampler */,
				AF9770C91A1F77CE008D13AA /* GithubAPI_SamplerTests */,
			);
		};
/* End PBXProject section */

/* Begin PBXResourcesBuildPhase section */
		AF9770AF1A1F77CE008D13AA /* Resources */ = {
			isa = PBXResourcesBuildPhase;
			buildActionMask = 2147483647;
			files = (
				AF9B39EC1A29B0AB00C926A9 /* octocat@2x.png in Resources */,
				AF9B39EA1A28624D00C926A9 /* grabatar_bg_clear@2x.png in Resources */,
				AF9770C01A1F77CE008D13AA /* Main.storyboard in Resources */,
				AF9771171A1FBA19008D13AA /* Default-568h@2x.png in Resources */,
				AF9B39E81A28624600C926A9 /* grabatar@2x.png in Resources */,
				AF9B39FA1A29FAE300C926A9 /* octocat120@2x.png in Resources */,
				AF9B39EF1A29B0EB00C926A9 /* favorite@2x.png in Resources */,
				AF9770C51A1F77CE008D13AA /* LaunchScreen.xib in Resources */,
				AF9B39FC1A2A000300C926A9 /* gitmob_title_logo@2x.png in Resources */,
				AF9770C21A1F77CE008D13AA /* Images.xcassets in Resources */,
				AF5FFF7B1A24617A00E2A08F /* loading.gif in Resources */,
				AF9B39F01A29B0EB00C926A9 /* setting@2x.png in Resources */,
			);
			runOnlyForDeploymentPostprocessing = 0;
		};
		AF9770C81A1F77CE008D13AA /* Resources */ = {
			isa = PBXResourcesBuildPhase;
			buildActionMask = 2147483647;
			files = (
			);
			runOnlyForDeploymentPostprocessing = 0;
		};
/* End PBXResourcesBuildPhase section */

/* Begin PBXSourcesBuildPhase section */
		AF9770AD1A1F77CE008D13AA /* Sources */ = {
			isa = PBXSourcesBuildPhase;
			buildActionMask = 2147483647;
			files = (
				AF9771151A1F7AF4008D13AA /* OAuthConstManager.m in Sources */,
				AF11C4ED1A34A998000FF44B /* UIColor+Hex.m in Sources */,
				AF9770BD1A1F77CE008D13AA /* ViewController.m in Sources */,
				AF5FFF6D1A245E6F00E2A08F /* SDWebImageCompat.m in Sources */,
				AF9771DC1A1FCC4D008D13AA /* AFURLResponseSerialization.m in Sources */,
				AF11C4DF1A3044A5000FF44B /* SHXMLParser.m in Sources */,
				AF5FFF6C1A245E6F00E2A08F /* SDImageCache.m in Sources */,
				AF5FFF731A245E6F00E2A08F /* UIButton+WebCache.m in Sources */,
				AF7180CA1A25A09B00C7FFA1 /* RootNavigationViewController.m in Sources */,
				AF5FFF751A245E6F00E2A08F /* UIImage+MultiFormat.m in Sources */,
				AF5FFF781A245E6F00E2A08F /* UIImageView+WebCache.m in Sources */,
				AF9771DA1A1FCC4D008D13AA /* AFURLConnectionOperation.m in Sources */,
				AF9770BA1A1F77CE008D13AA /* AppDelegate.m in Sources */,
				AF5FFF6F1A245E6F00E2A08F /* SDWebImageDownloader.m in Sources */,
				AF9771D61A1FCC4D008D13AA /* AFHTTPRequestOperationManager.m in Sources */,
				AF11C4EA1A34A5A3000FF44B /* DMSVGParser.m in Sources */,
				AF9771D91A1FCC4D008D13AA /* AFSecurityPolicy.m in Sources */,
				AF9770B71A1F77CE008D13AA /* main.m in Sources */,
				AF5FFF761A245E6F00E2A08F /* UIImage+WebP.m in Sources */,
				AF9771DB1A1FCC4D008D13AA /* AFURLRequestSerialization.m in Sources */,
				AF9771D81A1FCC4D008D13AA /* AFNetworkReachabilityManager.m in Sources */,
				AF5FFF6A1A245E6F00E2A08F /* MKAnnotationView+WebCache.m in Sources */,
				AF7180C41A24672F00C7FFA1 /* YLGIFImage.m in Sources */,
				AF9D8BE71A2700900002B38F /* SVGTestViewController.m in Sources */,
				AF5FFF741A245E6F00E2A08F /* UIImage+GIF.m in Sources */,
				AF5FFF721A245E6F00E2A08F /* SDWebImagePrefetcher.m in Sources */,
				AF9771D51A1FCC4D008D13AA /* AFHTTPRequestOperation.m in Sources */,
				AFAB99A81A22A996000EE1B9 /* ContributionTableViewCell.m in Sources */,
				AF5FFF771A245E6F00E2A08F /* UIImageView+HighlightedWebCache.m in Sources */,
				AF5FFF6E1A245E6F00E2A08F /* SDWebImageDecoder.m in Sources */,
				AF5FFF6B1A245E6F00E2A08F /* NSData+ImageContentType.m in Sources */,
				AF5FFF711A245E6F00E2A08F /* SDWebImageManager.m in Sources */,
				AF5FFF791A245E6F00E2A08F /* UIView+WebCacheOperation.m in Sources */,
				AF9771D71A1FCC4D008D13AA /* AFHTTPSessionManager.m in Sources */,
				AF7180CD1A25A0CE00C7FFA1 /* RootTabBarViewController.m in Sources */,
				AF7180C51A24672F00C7FFA1 /* YLImageView.m in Sources */,
				AF9771DD1A1FCC4D008D13AA /* AFURLSessionManager.m in Sources */,
				AF5FFF701A245E6F00E2A08F /* SDWebImageDownloaderOperation.m in Sources */,
			);
			runOnlyForDeploymentPostprocessing = 0;
		};
		AF9770C61A1F77CE008D13AA /* Sources */ = {
			isa = PBXSourcesBuildPhase;
			buildActionMask = 2147483647;
			files = (
				AF9770D11A1F77CE008D13AA /* GithubAPI_SamplerTests.m in Sources */,
			);
			runOnlyForDeploymentPostprocessing = 0;
		};
/* End PBXSourcesBuildPhase section */

/* Begin PBXTargetDependency section */
		AF9770CC1A1F77CE008D13AA /* PBXTargetDependency */ = {
			isa = PBXTargetDependency;
			target = AF9770B01A1F77CE008D13AA /* GithubAPI_Sampler */;
			targetProxy = AF9770CB1A1F77CE008D13AA /* PBXContainerItemProxy */;
		};
/* End PBXTargetDependency section */

/* Begin PBXVariantGroup section */
		AF9770BE1A1F77CE008D13AA /* Main.storyboard */ = {
			isa = PBXVariantGroup;
			children = (
				AF9770BF1A1F77CE008D13AA /* Base */,
			);
			name = Main.storyboard;
			sourceTree = "<group>";
		};
		AF9770C31A1F77CE008D13AA /* LaunchScreen.xib */ = {
			isa = PBXVariantGroup;
			children = (
				AF9770C41A1F77CE008D13AA /* Base */,
			);
			name = LaunchScreen.xib;
			sourceTree = "<group>";
		};
/* End PBXVariantGroup section */

/* Begin XCBuildConfiguration section */
		AF9770D21A1F77CE008D13AA /* Debug */ = {
			isa = XCBuildConfiguration;
			buildSettings = {
				ALWAYS_SEARCH_USER_PATHS = NO;
				CLANG_CXX_LANGUAGE_STANDARD = "gnu++0x";
				CLANG_CXX_LIBRARY = "libc++";
				CLANG_ENABLE_MODULES = YES;
				CLANG_ENABLE_OBJC_ARC = YES;
				CLANG_WARN_BOOL_CONVERSION = YES;
				CLANG_WARN_CONSTANT_CONVERSION = YES;
				CLANG_WARN_DIRECT_OBJC_ISA_USAGE = YES_ERROR;
				CLANG_WARN_EMPTY_BODY = YES;
				CLANG_WARN_ENUM_CONVERSION = YES;
				CLANG_WARN_INT_CONVERSION = YES;
				CLANG_WARN_OBJC_ROOT_CLASS = YES_ERROR;
				CLANG_WARN_UNREACHABLE_CODE = YES;
				CLANG_WARN__DUPLICATE_METHOD_MATCH = YES;
				"CODE_SIGN_IDENTITY[sdk=iphoneos*]" = "iPhone Developer";
				COPY_PHASE_STRIP = NO;
				ENABLE_STRICT_OBJC_MSGSEND = YES;
				GCC_C_LANGUAGE_STANDARD = gnu99;
				GCC_DYNAMIC_NO_PIC = NO;
				GCC_OPTIMIZATION_LEVEL = 0;
				GCC_PREPROCESSOR_DEFINITIONS = (
					"DEBUG=1",
					"$(inherited)",
				);
				GCC_SYMBOLS_PRIVATE_EXTERN = NO;
				GCC_WARN_64_TO_32_BIT_CONVERSION = YES;
				GCC_WARN_ABOUT_RETURN_TYPE = YES_ERROR;
				GCC_WARN_UNDECLARED_SELECTOR = YES;
				GCC_WARN_UNINITIALIZED_AUTOS = YES_AGGRESSIVE;
				GCC_WARN_UNUSED_FUNCTION = YES;
				GCC_WARN_UNUSED_VARIABLE = YES;
				IPHONEOS_DEPLOYMENT_TARGET = 8.1;
				MTL_ENABLE_DEBUG_INFO = YES;
				ONLY_ACTIVE_ARCH = YES;
				SDKROOT = iphoneos;
			};
			name = Debug;
		};
		AF9770D31A1F77CE008D13AA /* Release */ = {
			isa = XCBuildConfiguration;
			buildSettings = {
				ALWAYS_SEARCH_USER_PATHS = NO;
				CLANG_CXX_LANGUAGE_STANDARD = "gnu++0x";
				CLANG_CXX_LIBRARY = "libc++";
				CLANG_ENABLE_MODULES = YES;
				CLANG_ENABLE_OBJC_ARC = YES;
				CLANG_WARN_BOOL_CONVERSION = YES;
				CLANG_WARN_CONSTANT_CONVERSION = YES;
				CLANG_WARN_DIRECT_OBJC_ISA_USAGE = YES_ERROR;
				CLANG_WARN_EMPTY_BODY = YES;
				CLANG_WARN_ENUM_CONVERSION = YES;
				CLANG_WARN_INT_CONVERSION = YES;
				CLANG_WARN_OBJC_ROOT_CLASS = YES_ERROR;
				CLANG_WARN_UNREACHABLE_CODE = YES;
				CLANG_WARN__DUPLICATE_METHOD_MATCH = YES;
				"CODE_SIGN_IDENTITY[sdk=iphoneos*]" = "iPhone Developer";
				COPY_PHASE_STRIP = YES;
				ENABLE_NS_ASSERTIONS = NO;
				ENABLE_STRICT_OBJC_MSGSEND = YES;
				GCC_C_LANGUAGE_STANDARD = gnu99;
				GCC_WARN_64_TO_32_BIT_CONVERSION = YES;
				GCC_WARN_ABOUT_RETURN_TYPE = YES_ERROR;
				GCC_WARN_UNDECLARED_SELECTOR = YES;
				GCC_WARN_UNINITIALIZED_AUTOS = YES_AGGRESSIVE;
				GCC_WARN_UNUSED_FUNCTION = YES;
				GCC_WARN_UNUSED_VARIABLE = YES;
				IPHONEOS_DEPLOYMENT_TARGET = 8.1;
				MTL_ENABLE_DEBUG_INFO = NO;
				SDKROOT = iphoneos;
				VALIDATE_PRODUCT = YES;
			};
			name = Release;
		};
		AF9770D51A1F77CE008D13AA /* Debug */ = {
			isa = XCBuildConfiguration;
			buildSettings = {
				ASSETCATALOG_COMPILER_APPICON_NAME = AppIcon;
				"HEADER_SEARCH_PATHS[arch=*]" = $SDK_DIR/usr/include/libxml2;
				INFOPLIST_FILE = GithubAPI_Sampler/Info.plist;
				IPHONEOS_DEPLOYMENT_TARGET = 7.0;
				LD_RUNPATH_SEARCH_PATHS = "$(inherited) @executable_path/Frameworks";
				LIBRARY_SEARCH_PATHS = (
					"$(inherited)",
					"$(PROJECT_DIR)/GithubAPI_Sampler",
				);
				OTHER_LDFLAGS = "-ObjC";
				PRODUCT_NAME = "$(TARGET_NAME)";
			};
			name = Debug;
		};
		AF9770D61A1F77CE008D13AA /* Release */ = {
			isa = XCBuildConfiguration;
			buildSettings = {
				ASSETCATALOG_COMPILER_APPICON_NAME = AppIcon;
				"HEADER_SEARCH_PATHS[arch=*]" = $SDK_DIR/usr/include/libxml2;
				INFOPLIST_FILE = GithubAPI_Sampler/Info.plist;
				IPHONEOS_DEPLOYMENT_TARGET = 7.0;
				LD_RUNPATH_SEARCH_PATHS = "$(inherited) @executable_path/Frameworks";
				LIBRARY_SEARCH_PATHS = (
					"$(inherited)",
					"$(PROJECT_DIR)/GithubAPI_Sampler",
				);
				OTHER_LDFLAGS = "-ObjC";
				PRODUCT_NAME = "$(TARGET_NAME)";
			};
			name = Release;
		};
		AF9770D81A1F77CE008D13AA /* Debug */ = {
			isa = XCBuildConfiguration;
			buildSettings = {
				BUNDLE_LOADER = "$(TEST_HOST)";
				FRAMEWORK_SEARCH_PATHS = (
					"$(SDKROOT)/Developer/Library/Frameworks",
					"$(inherited)",
				);
				GCC_PREPROCESSOR_DEFINITIONS = (
					"DEBUG=1",
					"$(inherited)",
				);
				INFOPLIST_FILE = GithubAPI_SamplerTests/Info.plist;
				LD_RUNPATH_SEARCH_PATHS = "$(inherited) @executable_path/Frameworks @loader_path/Frameworks";
				PRODUCT_NAME = "$(TARGET_NAME)";
				TEST_HOST = "$(BUILT_PRODUCTS_DIR)/GithubAPI_Sampler.app/GithubAPI_Sampler";
			};
			name = Debug;
		};
		AF9770D91A1F77CE008D13AA /* Release */ = {
			isa = XCBuildConfiguration;
			buildSettings = {
				BUNDLE_LOADER = "$(TEST_HOST)";
				FRAMEWORK_SEARCH_PATHS = (
					"$(SDKROOT)/Developer/Library/Frameworks",
					"$(inherited)",
				);
				INFOPLIST_FILE = GithubAPI_SamplerTests/Info.plist;
				LD_RUNPATH_SEARCH_PATHS = "$(inherited) @executable_path/Frameworks @loader_path/Frameworks";
				PRODUCT_NAME = "$(TARGET_NAME)";
				TEST_HOST = "$(BUILT_PRODUCTS_DIR)/GithubAPI_Sampler.app/GithubAPI_Sampler";
			};
			name = Release;
		};
/* End XCBuildConfiguration section */

/* Begin XCConfigurationList section */
		AF9770AC1A1F77CE008D13AA /* Build configuration list for PBXProject "GithubAPI_Sampler" */ = {
			isa = XCConfigurationList;
			buildConfigurations = (
				AF9770D21A1F77CE008D13AA /* Debug */,
				AF9770D31A1F77CE008D13AA /* Release */,
			);
			defaultConfigurationIsVisible = 0;
			defaultConfigurationName = Release;
		};
		AF9770D41A1F77CE008D13AA /* Build configuration list for PBXNativeTarget "GithubAPI_Sampler" */ = {
			isa = XCConfigurationList;
			buildConfigurations = (
				AF9770D51A1F77CE008D13AA /* Debug */,
				AF9770D61A1F77CE008D13AA /* Release */,
			);
			defaultConfigurationIsVisible = 0;
			defaultConfigurationName = Release;
		};
		AF9770D71A1F77CE008D13AA /* Build configuration list for PBXNativeTarget "GithubAPI_SamplerTests" */ = {
			isa = XCConfigurationList;
			buildConfigurations = (
				AF9770D81A1F77CE008D13AA /* Debug */,
				AF9770D91A1F77CE008D13AA /* Release */,
			);
			defaultConfigurationIsVisible = 0;
			defaultConfigurationName = Release;
		};
/* End XCConfigurationList section */
	};
	rootObject = AF9770A91A1F77CE008D13AA /* Project object */;
}
